{
    "_readme": [
        "This file locks the dependencies of your project to a known state",
        "Read more about it at https://getcomposer.org/doc/01-basic-usage.md#composer-lock-the-lock-file",
        "This file is @generated automatically"
    ],
    "hash": "8b09c89971c601b324864fac8bf41851",
    "content-hash": "301e4a58e44b8d3f761fd0037c3aa2b1",
    "packages": [
        {
            "name": "retailcrm/api-client-php",
            "version": "v5.0.1",
            "source": {
                "type": "git",
                "url": "https://github.com/retailcrm/api-client-php.git",
                "reference": "4f57734e92c714547dad4382c35c08cb08097255"
            },
            "dist": {
                "type": "zip",
                "url": "https://api.github.com/repos/retailcrm/api-client-php/zipball/4f57734e92c714547dad4382c35c08cb08097255",
                "reference": "4f57734e92c714547dad4382c35c08cb08097255",
                "shasum": ""
            },
            "require": {
                "ext-curl": "*",
                "php": ">=5.4.0"
            },
            "require-dev": {
                "phpunit/phpunit": "3.7.*",
                "squizlabs/php_codesniffer": "3.*"
            },
            "type": "library",
            "extra": {
                "branch-alias": {
                    "dev-master": "5.x-dev"
                }
            },
            "autoload": {
                "psr-0": {
                    "RetailCrm\\": "lib/"
                }
            },
            "notification-url": "https://packagist.org/downloads/",
            "license": [
                "MIT"
            ],
            "authors": [
                {
                    "name": "retailCRM",
                    "email": "support@retailcrm.ru"
                }
            ],
            "description": "PHP client for retailCRM API",
            "homepage": "http://www.retailcrm.ru/",
            "keywords": [
                "api",
                "rest",
                "retailCRM"
            ],
            "time": "2017-06-22 13:42:42"
        }
    ],
    "packages-dev": [],
    "aliases": [],
    "minimum-stability": "stable",
    "stability-flags": [],
    "prefer-stable": false,
    "prefer-lowest": false,
    "platform": [],
    "platform-dev": []
}
